
Microsoft Visual Studio Solution File, Format Version 12.00
# Visual Studio Version 17
VisualStudioVersion = 17.4.33205.214
MinimumVisualStudioVersion = 10.0.40219.1
Project("{FAE04EC0-301F-11D3-BF4B-00C04F79EFBC}") = "LibraryManagement", "LibraryManagement.csproj", "{44A99E42-D9D5-4918-B186-89F2ADF72DCE}"
EndProject
Global
	GlobalSection(SolutionConfigurationPlatforms) = preSolution
		Debug|Any CPU = Debug|Any CPU
		Release|Any CPU = Release|Any CPU
	EndGlobalSection
	GlobalSection(ProjectConfigurationPlatforms) = postSolution
		{44A99E42-D9D5-4918-B186-89F2ADF72DCE}.Debug|Any CPU.ActiveCfg = Debug|Any CPU
		{44A99E42-D9D5-4918-B186-89F2ADF72DCE}.Debug|Any CPU.Build.0 = Debug|Any CPU
		{44A99E42-D9D5-4918-B186-89F2ADF72DCE}.Release|Any CPU.ActiveCfg = Release|Any CPU
		{44A99E42-D9D5-4918-B186-89F2ADF72DCE}.Release|Any CPU.Build.0 = Release|Any CPU
	EndGlobalSection
	GlobalSection(SolutionProperties) = preSolution
		HideSolutionNode = FALSE
	EndGlobalSection
	GlobalSection(ExtensibilityGlobals) = postSolution
		SolutionGuid = {C8B58D51-0271-453E-9421-4CE40A086E0A}
	EndGlobalSection
EndGlobal
